// !$*UTF8*$!
{
	archiveVersion = 1;
	classes = {
	};
	objectVersion = 50;
	objects = {

/* Begin PBXBuildFile section */
		6A59BDC621848FFD007F007B /* CameraViewController.swift in Sources */ = {isa = PBXBuildFile; fileRef = 6A59BDC521848FFD007F007B /* CameraViewController.swift */; };
		6A59BDC8218491EB007F007B /* UIImage.swift in Sources */ = {isa = PBXBuildFile; fileRef = 6A59BDC7218491EB007F007B /* UIImage.swift */; };
		6A59BDCA218498A7007F007B /* LibertyModel.mlmodel in Sources */ = {isa = PBXBuildFile; fileRef = 6A59BDC9218498A7007F007B /* LibertyModel.mlmodel */; };
		6A59BDCC2184A2A9007F007B /* CVPixelBuffer.swift in Sources */ = {isa = PBXBuildFile; fileRef = 6A59BDCB2184A2A9007F007B /* CVPixelBuffer.swift */; };
		6A59BDCE2184A9B6007F007B /* VisualSearchEngine.swift in Sources */ = {isa = PBXBuildFile; fileRef = 6A59BDCD2184A9B6007F007B /* VisualSearchEngine.swift */; };
		6A59BDD02184AA48007F007B /* Similarity.swift in Sources */ = {isa = PBXBuildFile; fileRef = 6A59BDCF2184AA48007F007B /* Similarity.swift */; };
		6A59BDD22184AB69007F007B /* Product.swift in Sources */ = {isa = PBXBuildFile; fileRef = 6A59BDD12184AB69007F007B /* Product.swift */; };
		6A59BDD42184AE80007F007B /* MLMultiArray.swift in Sources */ = {isa = PBXBuildFile; fileRef = 6A59BDD32184AE80007F007B /* MLMultiArray.swift */; };
		6A59BDD62184AF82007F007B /* SampleData.swift in Sources */ = {isa = PBXBuildFile; fileRef = 6A59BDD52184AF82007F007B /* SampleData.swift */; };
		7402B82E2184958500C0A543 /* LibertyLoader.swift in Sources */ = {isa = PBXBuildFile; fileRef = 7402B82D2184958500C0A543 /* LibertyLoader.swift */; };
		7402B830218495B300C0A543 /* LibertyLoader.xib in Resources */ = {isa = PBXBuildFile; fileRef = 7402B82F218495B300C0A543 /* LibertyLoader.xib */; };
		7402B8382184A93F00C0A543 /* FakeViewController.swift in Sources */ = {isa = PBXBuildFile; fileRef = 7402B8362184A93F00C0A543 /* FakeViewController.swift */; };
		7402B8392184A93F00C0A543 /* FakeViewController.xib in Resources */ = {isa = PBXBuildFile; fileRef = 7402B8372184A93F00C0A543 /* FakeViewController.xib */; };
		7402B83D2184AAFF00C0A543 /* DetailsViewController.swift in Sources */ = {isa = PBXBuildFile; fileRef = 7402B83B2184AAFF00C0A543 /* DetailsViewController.swift */; };
		7402B83E2184AAFF00C0A543 /* DetailsViewController.xib in Resources */ = {isa = PBXBuildFile; fileRef = 7402B83C2184AAFF00C0A543 /* DetailsViewController.xib */; };
		7402B8412184AF1200C0A543 /* DetailsAdapter.swift in Sources */ = {isa = PBXBuildFile; fileRef = 7402B8402184AF1200C0A543 /* DetailsAdapter.swift */; };
		7402B8462184B4F700C0A543 /* SoldInStoresCell.swift in Sources */ = {isa = PBXBuildFile; fileRef = 7402B8442184B4F700C0A543 /* SoldInStoresCell.swift */; };
		7402B8472184B4F700C0A543 /* SoldInStoresCell.xib in Resources */ = {isa = PBXBuildFile; fileRef = 7402B8452184B4F700C0A543 /* SoldInStoresCell.xib */; };
		7402B84B2184BDF500C0A543 /* SoldInStoresCellAdapter.swift in Sources */ = {isa = PBXBuildFile; fileRef = 7402B84A2184BDF500C0A543 /* SoldInStoresCellAdapter.swift */; };
		7402B84E2184C10400C0A543 /* StoreCollectionViewCell.swift in Sources */ = {isa = PBXBuildFile; fileRef = 7402B84C2184C10400C0A543 /* StoreCollectionViewCell.swift */; };
		7402B84F2184C10400C0A543 /* StoreCollectionViewCell.xib in Resources */ = {isa = PBXBuildFile; fileRef = 7402B84D2184C10400C0A543 /* StoreCollectionViewCell.xib */; };
		7402B8532184D81200C0A543 /* StoreViewModel.swift in Sources */ = {isa = PBXBuildFile; fileRef = 7402B8522184D81200C0A543 /* StoreViewModel.swift */; };
		7402B8552184DD0500C0A543 /* SocialViewModel.swift in Sources */ = {isa = PBXBuildFile; fileRef = 7402B8542184DD0500C0A543 /* SocialViewModel.swift */; };
		7402B8572184E37800C0A543 /* DetailsTableCellType.swift in Sources */ = {isa = PBXBuildFile; fileRef = 7402B8562184E37800C0A543 /* DetailsTableCellType.swift */; };
		741B45F521838B9D007FCE12 /* AppDelegate.swift in Sources */ = {isa = PBXBuildFile; fileRef = 741B45F421838B9D007FCE12 /* AppDelegate.swift */; };
		741B45FA21838B9D007FCE12 /* Main.storyboard in Resources */ = {isa = PBXBuildFile; fileRef = 741B45F821838B9D007FCE12 /* Main.storyboard */; };
		741B45FC21838BA0007FCE12 /* Assets.xcassets in Resources */ = {isa = PBXBuildFile; fileRef = 741B45FB21838BA0007FCE12 /* Assets.xcassets */; };
		741B45FF21838BA0007FCE12 /* LaunchScreen.storyboard in Resources */ = {isa = PBXBuildFile; fileRef = 741B45FD21838BA0007FCE12 /* LaunchScreen.storyboard */; };
		741B46172183A22A007FCE12 /* DesignableView.swift in Sources */ = {isa = PBXBuildFile; fileRef = 741B46162183A229007FCE12 /* DesignableView.swift */; };
		741B461B2183A324007FCE12 /* UICollectionView.swift in Sources */ = {isa = PBXBuildFile; fileRef = 741B46182183A324007FCE12 /* UICollectionView.swift */; };
		741B461C2183A324007FCE12 /* Foundation.swift in Sources */ = {isa = PBXBuildFile; fileRef = 741B46192183A324007FCE12 /* Foundation.swift */; };
		741B461D2183A324007FCE12 /* UITableView.swift in Sources */ = {isa = PBXBuildFile; fileRef = 741B461A2183A324007FCE12 /* UITableView.swift */; };
		741B46202183AA0D007FCE12 /* ColorConstants.swift in Sources */ = {isa = PBXBuildFile; fileRef = 741B461F2183AA0D007FCE12 /* ColorConstants.swift */; };
		74FE011121842F59002FCE5C /* Localizable.strings in Resources */ = {isa = PBXBuildFile; fileRef = 74FE010F21842F59002FCE5C /* Localizable.strings */; };
		74FE011421844451002FCE5C /* UILabel.swift in Sources */ = {isa = PBXBuildFile; fileRef = 74FE011321844451002FCE5C /* UILabel.swift */; };
		74FE0116218445D6002FCE5C /* String.swift in Sources */ = {isa = PBXBuildFile; fileRef = 74FE0115218445D6002FCE5C /* String.swift */; };
		74FE011F21844B06002FCE5C /* UIView.swift in Sources */ = {isa = PBXBuildFile; fileRef = 74FE011E21844B06002FCE5C /* UIView.swift */; };
		804DD9212184D63400DAE4F4 /* UIButton.swift in Sources */ = {isa = PBXBuildFile; fileRef = 804DD9202184D63400DAE4F4 /* UIButton.swift */; };
		804DD9312184EC3000DAE4F4 /* PersonView.swift in Sources */ = {isa = PBXBuildFile; fileRef = 804DD9302184EC3000DAE4F4 /* PersonView.swift */; };
		804DD9332184EC3900DAE4F4 /* PersonView.xib in Resources */ = {isa = PBXBuildFile; fileRef = 804DD9322184EC3900DAE4F4 /* PersonView.xib */; };
		804DD9352184F2C400DAE4F4 /* PersonViewModel.swift in Sources */ = {isa = PBXBuildFile; fileRef = 804DD9342184F2C400DAE4F4 /* PersonViewModel.swift */; };
		804DD9382184FA4A00DAE4F4 /* StarsRateView.swift in Sources */ = {isa = PBXBuildFile; fileRef = 804DD9372184FA4A00DAE4F4 /* StarsRateView.swift */; };
		804DD93A2184FA6800DAE4F4 /* StarsRateView.xib in Resources */ = {isa = PBXBuildFile; fileRef = 804DD9392184FA6800DAE4F4 /* StarsRateView.xib */; };
		80C7D83621849DCA00A7F494 /* ProductView.swift in Sources */ = {isa = PBXBuildFile; fileRef = 80C7D83521849DCA00A7F494 /* ProductView.swift */; };
		80C7D83821849DF600A7F494 /* ProductView.xib in Resources */ = {isa = PBXBuildFile; fileRef = 80C7D83721849DF600A7F494 /* ProductView.xib */; };
		80C7D83A2184B65600A7F494 /* ProductViewModel.swift in Sources */ = {isa = PBXBuildFile; fileRef = 80C7D8392184B65600A7F494 /* ProductViewModel.swift */; };
		D85FDECFFF3AD51A7A89F2B3 /* Pods_Liberty.framework in Frameworks */ = {isa = PBXBuildFile; fileRef = DBF66655BF065029524348ED /* Pods_Liberty.framework */; };
/* End PBXBuildFile section */

/* Begin PBXFileReference section */
		6A59BDC521848FFD007F007B /* CameraViewController.swift */ = {isa = PBXFileReference; lastKnownFileType = sourcecode.swift; path = CameraViewController.swift; sourceTree = "<group>"; };
		6A59BDC7218491EB007F007B /* UIImage.swift */ = {isa = PBXFileReference; lastKnownFileType = sourcecode.swift; path = UIImage.swift; sourceTree = "<group>"; };
		6A59BDC9218498A7007F007B /* LibertyModel.mlmodel */ = {isa = PBXFileReference; lastKnownFileType = file.mlmodel; name = LibertyModel.mlmodel; path = ../../../../server/visual_search/LibertyModel.mlmodel; sourceTree = "<group>"; };
		6A59BDCB2184A2A9007F007B /* CVPixelBuffer.swift */ = {isa = PBXFileReference; lastKnownFileType = sourcecode.swift; path = CVPixelBuffer.swift; sourceTree = "<group>"; };
		6A59BDCD2184A9B6007F007B /* VisualSearchEngine.swift */ = {isa = PBXFileReference; lastKnownFileType = sourcecode.swift; path = VisualSearchEngine.swift; sourceTree = "<group>"; };
		6A59BDCF2184AA48007F007B /* Similarity.swift */ = {isa = PBXFileReference; lastKnownFileType = sourcecode.swift; path = Similarity.swift; sourceTree = "<group>"; };
		6A59BDD12184AB69007F007B /* Product.swift */ = {isa = PBXFileReference; lastKnownFileType = sourcecode.swift; path = Product.swift; sourceTree = "<group>"; };
		6A59BDD32184AE80007F007B /* MLMultiArray.swift */ = {isa = PBXFileReference; lastKnownFileType = sourcecode.swift; path = MLMultiArray.swift; sourceTree = "<group>"; };
		6A59BDD52184AF82007F007B /* SampleData.swift */ = {isa = PBXFileReference; lastKnownFileType = sourcecode.swift; path = SampleData.swift; sourceTree = "<group>"; };
		7402B82D2184958500C0A543 /* LibertyLoader.swift */ = {isa = PBXFileReference; lastKnownFileType = sourcecode.swift; path = LibertyLoader.swift; sourceTree = "<group>"; };
		7402B82F218495B300C0A543 /* LibertyLoader.xib */ = {isa = PBXFileReference; lastKnownFileType = file.xib; path = LibertyLoader.xib; sourceTree = "<group>"; };
		7402B8362184A93F00C0A543 /* FakeViewController.swift */ = {isa = PBXFileReference; lastKnownFileType = sourcecode.swift; path = FakeViewController.swift; sourceTree = "<group>"; };
		7402B8372184A93F00C0A543 /* FakeViewController.xib */ = {isa = PBXFileReference; lastKnownFileType = file.xib; path = FakeViewController.xib; sourceTree = "<group>"; };
		7402B83B2184AAFF00C0A543 /* DetailsViewController.swift */ = {isa = PBXFileReference; lastKnownFileType = sourcecode.swift; path = DetailsViewController.swift; sourceTree = "<group>"; };
		7402B83C2184AAFF00C0A543 /* DetailsViewController.xib */ = {isa = PBXFileReference; lastKnownFileType = file.xib; path = DetailsViewController.xib; sourceTree = "<group>"; };
		7402B8402184AF1200C0A543 /* DetailsAdapter.swift */ = {isa = PBXFileReference; lastKnownFileType = sourcecode.swift; path = DetailsAdapter.swift; sourceTree = "<group>"; };
		7402B8442184B4F700C0A543 /* SoldInStoresCell.swift */ = {isa = PBXFileReference; lastKnownFileType = sourcecode.swift; path = SoldInStoresCell.swift; sourceTree = "<group>"; };
		7402B8452184B4F700C0A543 /* SoldInStoresCell.xib */ = {isa = PBXFileReference; lastKnownFileType = file.xib; path = SoldInStoresCell.xib; sourceTree = "<group>"; };
		7402B84A2184BDF500C0A543 /* SoldInStoresCellAdapter.swift */ = {isa = PBXFileReference; lastKnownFileType = sourcecode.swift; path = SoldInStoresCellAdapter.swift; sourceTree = "<group>"; };
		7402B84C2184C10400C0A543 /* StoreCollectionViewCell.swift */ = {isa = PBXFileReference; lastKnownFileType = sourcecode.swift; path = StoreCollectionViewCell.swift; sourceTree = "<group>"; };
		7402B84D2184C10400C0A543 /* StoreCollectionViewCell.xib */ = {isa = PBXFileReference; lastKnownFileType = file.xib; path = StoreCollectionViewCell.xib; sourceTree = "<group>"; };
		7402B8522184D81200C0A543 /* StoreViewModel.swift */ = {isa = PBXFileReference; lastKnownFileType = sourcecode.swift; path = StoreViewModel.swift; sourceTree = "<group>"; };
		7402B8542184DD0500C0A543 /* SocialViewModel.swift */ = {isa = PBXFileReference; lastKnownFileType = sourcecode.swift; path = SocialViewModel.swift; sourceTree = "<group>"; };
		7402B8562184E37800C0A543 /* DetailsTableCellType.swift */ = {isa = PBXFileReference; lastKnownFileType = sourcecode.swift; path = DetailsTableCellType.swift; sourceTree = "<group>"; };
		741B45F121838B9D007FCE12 /* Liberty.app */ = {isa = PBXFileReference; explicitFileType = wrapper.application; includeInIndex = 0; path = Liberty.app; sourceTree = BUILT_PRODUCTS_DIR; };
		741B45F421838B9D007FCE12 /* AppDelegate.swift */ = {isa = PBXFileReference; lastKnownFileType = sourcecode.swift; path = AppDelegate.swift; sourceTree = "<group>"; };
		741B45F921838B9D007FCE12 /* Base */ = {isa = PBXFileReference; lastKnownFileType = file.storyboard; name = Base; path = Base.lproj/Main.storyboard; sourceTree = "<group>"; };
		741B45FB21838BA0007FCE12 /* Assets.xcassets */ = {isa = PBXFileReference; lastKnownFileType = folder.assetcatalog; path = Assets.xcassets; sourceTree = "<group>"; };
		741B45FE21838BA0007FCE12 /* Base */ = {isa = PBXFileReference; lastKnownFileType = file.storyboard; name = Base; path = Base.lproj/LaunchScreen.storyboard; sourceTree = "<group>"; };
		741B460021838BA0007FCE12 /* Info.plist */ = {isa = PBXFileReference; lastKnownFileType = text.plist.xml; path = Info.plist; sourceTree = "<group>"; };
		741B46162183A229007FCE12 /* DesignableView.swift */ = {isa = PBXFileReference; fileEncoding = 4; lastKnownFileType = sourcecode.swift; path = DesignableView.swift; sourceTree = "<group>"; };
		741B46182183A324007FCE12 /* UICollectionView.swift */ = {isa = PBXFileReference; fileEncoding = 4; lastKnownFileType = sourcecode.swift; path = UICollectionView.swift; sourceTree = "<group>"; };
		741B46192183A324007FCE12 /* Foundation.swift */ = {isa = PBXFileReference; fileEncoding = 4; lastKnownFileType = sourcecode.swift; path = Foundation.swift; sourceTree = "<group>"; };
		741B461A2183A324007FCE12 /* UITableView.swift */ = {isa = PBXFileReference; fileEncoding = 4; lastKnownFileType = sourcecode.swift; path = UITableView.swift; sourceTree = "<group>"; };
		741B461F2183AA0D007FCE12 /* ColorConstants.swift */ = {isa = PBXFileReference; lastKnownFileType = sourcecode.swift; path = ColorConstants.swift; sourceTree = "<group>"; };
		741BD8F62183D21500A7B6DE /* ru */ = {isa = PBXFileReference; lastKnownFileType = text.plist.strings; name = ru; path = ru.lproj/LaunchScreen.strings; sourceTree = "<group>"; };
		741BD8F72183D21500A7B6DE /* ru */ = {isa = PBXFileReference; lastKnownFileType = text.plist.strings; name = ru; path = ru.lproj/Main.strings; sourceTree = "<group>"; };
		74FE011021842F59002FCE5C /* Base */ = {isa = PBXFileReference; lastKnownFileType = text.plist.strings; name = Base; path = Liberty/Base.lproj/Localizable.strings; sourceTree = SOURCE_ROOT; };
		74FE011221842F64002FCE5C /* en */ = {isa = PBXFileReference; lastKnownFileType = text.plist.strings; name = en; path = ../en.lproj/Localizable.strings; sourceTree = "<group>"; };
		74FE011321844451002FCE5C /* UILabel.swift */ = {isa = PBXFileReference; lastKnownFileType = sourcecode.swift; path = UILabel.swift; sourceTree = "<group>"; };
		74FE0115218445D6002FCE5C /* String.swift */ = {isa = PBXFileReference; lastKnownFileType = sourcecode.swift; path = String.swift; sourceTree = "<group>"; };
		74FE011E21844B06002FCE5C /* UIView.swift */ = {isa = PBXFileReference; lastKnownFileType = sourcecode.swift; path = UIView.swift; sourceTree = "<group>"; };
		804DD9202184D63400DAE4F4 /* UIButton.swift */ = {isa = PBXFileReference; lastKnownFileType = sourcecode.swift; path = UIButton.swift; sourceTree = "<group>"; };
		804DD9302184EC3000DAE4F4 /* PersonView.swift */ = {isa = PBXFileReference; lastKnownFileType = sourcecode.swift; path = PersonView.swift; sourceTree = "<group>"; };
		804DD9322184EC3900DAE4F4 /* PersonView.xib */ = {isa = PBXFileReference; lastKnownFileType = file.xib; path = PersonView.xib; sourceTree = "<group>"; };
		804DD9342184F2C400DAE4F4 /* PersonViewModel.swift */ = {isa = PBXFileReference; lastKnownFileType = sourcecode.swift; path = PersonViewModel.swift; sourceTree = "<group>"; };
		804DD9372184FA4A00DAE4F4 /* StarsRateView.swift */ = {isa = PBXFileReference; lastKnownFileType = sourcecode.swift; path = StarsRateView.swift; sourceTree = "<group>"; };
		804DD9392184FA6800DAE4F4 /* StarsRateView.xib */ = {isa = PBXFileReference; lastKnownFileType = file.xib; path = StarsRateView.xib; sourceTree = "<group>"; };
		80C7D83521849DCA00A7F494 /* ProductView.swift */ = {isa = PBXFileReference; lastKnownFileType = sourcecode.swift; path = ProductView.swift; sourceTree = "<group>"; };
		80C7D83721849DF600A7F494 /* ProductView.xib */ = {isa = PBXFileReference; lastKnownFileType = file.xib; path = ProductView.xib; sourceTree = "<group>"; };
		80C7D8392184B65600A7F494 /* ProductViewModel.swift */ = {isa = PBXFileReference; lastKnownFileType = sourcecode.swift; path = ProductViewModel.swift; sourceTree = "<group>"; };
		AFEFC6D49975D64E7ED01667 /* Pods-Liberty.release.xcconfig */ = {isa = PBXFileReference; includeInIndex = 1; lastKnownFileType = text.xcconfig; name = "Pods-Liberty.release.xcconfig"; path = "Pods/Target Support Files/Pods-Liberty/Pods-Liberty.release.xcconfig"; sourceTree = "<group>"; };
		B9B32D0B2B072E0D3298D8A9 /* Pods-Liberty.debug.xcconfig */ = {isa = PBXFileReference; includeInIndex = 1; lastKnownFileType = text.xcconfig; name = "Pods-Liberty.debug.xcconfig"; path = "Pods/Target Support Files/Pods-Liberty/Pods-Liberty.debug.xcconfig"; sourceTree = "<group>"; };
		DBF66655BF065029524348ED /* Pods_Liberty.framework */ = {isa = PBXFileReference; explicitFileType = wrapper.framework; includeInIndex = 0; path = Pods_Liberty.framework; sourceTree = BUILT_PRODUCTS_DIR; };
/* End PBXFileReference section */

/* Begin PBXFrameworksBuildPhase section */
		741B45EE21838B9D007FCE12 /* Frameworks */ = {
			isa = PBXFrameworksBuildPhase;
			buildActionMask = 2147483647;
			files = (
				D85FDECFFF3AD51A7A89F2B3 /* Pods_Liberty.framework in Frameworks */,
			);
			runOnlyForDeploymentPostprocessing = 0;
		};
/* End PBXFrameworksBuildPhase section */

/* Begin PBXGroup section */
		5DA179F3BB3D280FFF924247 /* Frameworks */ = {
			isa = PBXGroup;
			children = (
				DBF66655BF065029524348ED /* Pods_Liberty.framework */,
			);
			name = Frameworks;
			sourceTree = "<group>";
		};
		7402B82C2184956A00C0A543 /* LibertyLoader */ = {
			isa = PBXGroup;
			children = (
				7402B82D2184958500C0A543 /* LibertyLoader.swift */,
				7402B82F218495B300C0A543 /* LibertyLoader.xib */,
			);
			path = LibertyLoader;
			sourceTree = "<group>";
		};
		7402B8312184A8D900C0A543 /* FakeViewController */ = {
			isa = PBXGroup;
			children = (
				7402B8362184A93F00C0A543 /* FakeViewController.swift */,
				7402B8372184A93F00C0A543 /* FakeViewController.xib */,
			);
			path = FakeViewController;
			sourceTree = "<group>";
		};
		7402B83A2184AAE900C0A543 /* DetailsViewController */ = {
			isa = PBXGroup;
			children = (
				7402B8512184D80100C0A543 /* Models */,
				7402B83F2184AF0000C0A543 /* Adapter */,
				7402B83B2184AAFF00C0A543 /* DetailsViewController.swift */,
				7402B83C2184AAFF00C0A543 /* DetailsViewController.xib */,
			);
			path = DetailsViewController;
			sourceTree = "<group>";
		};
		7402B83F2184AF0000C0A543 /* Adapter */ = {
			isa = PBXGroup;
			children = (
				7402B8422184B4CB00C0A543 /* Cell */,
				7402B8402184AF1200C0A543 /* DetailsAdapter.swift */,
				7402B8562184E37800C0A543 /* DetailsTableCellType.swift */,
			);
			path = Adapter;
			sourceTree = "<group>";
		};
		7402B8422184B4CB00C0A543 /* Cell */ = {
			isa = PBXGroup;
			children = (
				7402B8432184B4D300C0A543 /* SoldInStoresCell */,
			);
			path = Cell;
			sourceTree = "<group>";
		};
		7402B8432184B4D300C0A543 /* SoldInStoresCell */ = {
			isa = PBXGroup;
			children = (
				7402B8492184BDD000C0A543 /* Adapter */,
				7402B8442184B4F700C0A543 /* SoldInStoresCell.swift */,
				7402B8452184B4F700C0A543 /* SoldInStoresCell.xib */,
			);
			path = SoldInStoresCell;
			sourceTree = "<group>";
		};
		7402B8492184BDD000C0A543 /* Adapter */ = {
			isa = PBXGroup;
			children = (
				7402B8502184D33F00C0A543 /* StoreCollectionViewCell */,
				7402B84A2184BDF500C0A543 /* SoldInStoresCellAdapter.swift */,
			);
			path = Adapter;
			sourceTree = "<group>";
		};
		7402B8502184D33F00C0A543 /* StoreCollectionViewCell */ = {
			isa = PBXGroup;
			children = (
				7402B84C2184C10400C0A543 /* StoreCollectionViewCell.swift */,
				7402B84D2184C10400C0A543 /* StoreCollectionViewCell.xib */,
			);
			path = StoreCollectionViewCell;
			sourceTree = "<group>";
		};
		7402B8512184D80100C0A543 /* Models */ = {
			isa = PBXGroup;
			children = (
				7402B8522184D81200C0A543 /* StoreViewModel.swift */,
				7402B8542184DD0500C0A543 /* SocialViewModel.swift */,
			);
			path = Models;
			sourceTree = "<group>";
		};
		741B45E821838B9D007FCE12 = {
			isa = PBXGroup;
			children = (
				741B45F321838B9D007FCE12 /* Liberty */,
				741B45F221838B9D007FCE12 /* Products */,
				C7446888275A7A13DD7EE967 /* Pods */,
				5DA179F3BB3D280FFF924247 /* Frameworks */,
			);
			sourceTree = "<group>";
		};
		741B45F221838B9D007FCE12 /* Products */ = {
			isa = PBXGroup;
			children = (
				741B45F121838B9D007FCE12 /* Liberty.app */,
			);
			name = Products;
			sourceTree = "<group>";
		};
		741B45F321838B9D007FCE12 /* Liberty */ = {
			isa = PBXGroup;
			children = (
				741B460721839C0F007FCE12 /* Applications */,
				741B460821839C4A007FCE12 /* Library */,
				741B460921839C6B007FCE12 /* Models */,
				741B460A21839C70007FCE12 /* Resources */,
				741B46062183952B007FCE12 /* Screens */,
				741B460B21839C7D007FCE12 /* Services */,
				741B45F821838B9D007FCE12 /* Main.storyboard */,
				741B460021838BA0007FCE12 /* Info.plist */,
			);
			path = Liberty;
			sourceTree = "<group>";
		};
		741B46062183952B007FCE12 /* Screens */ = {
			isa = PBXGroup;
			children = (
				80C7D83221849D1300A7F494 /* CameraViewController */,
				7402B83A2184AAE900C0A543 /* DetailsViewController */,
				7402B8312184A8D900C0A543 /* FakeViewController */,
			);
			path = Screens;
			sourceTree = "<group>";
		};
		741B460721839C0F007FCE12 /* Applications */ = {
			isa = PBXGroup;
			children = (
				741B45F421838B9D007FCE12 /* AppDelegate.swift */,
				741B45FD21838BA0007FCE12 /* LaunchScreen.storyboard */,
			);
			path = Applications;
			sourceTree = "<group>";
		};
		741B460821839C4A007FCE12 /* Library */ = {
			isa = PBXGroup;
			children = (
				741B461E2183A9F7007FCE12 /* Constants */,
				741B460C21839CDA007FCE12 /* Extension */,
				741B460D21839CE0007FCE12 /* Protocols */,
				741B460E21839CE5007FCE12 /* Reusable */,
				741B460F21839CEA007FCE12 /* Utils */,
			);
			path = Library;
			sourceTree = "<group>";
		};
		741B460921839C6B007FCE12 /* Models */ = {
			isa = PBXGroup;
			children = (
				6A59BDD12184AB69007F007B /* Product.swift */,
				6A59BDD52184AF82007F007B /* SampleData.swift */,
			);
			path = Models;
			sourceTree = "<group>";
		};
		741B460A21839C70007FCE12 /* Resources */ = {
			isa = PBXGroup;
			children = (
				6A59BDC9218498A7007F007B /* LibertyModel.mlmodel */,
				741B45FB21838BA0007FCE12 /* Assets.xcassets */,
				74FE010F21842F59002FCE5C /* Localizable.strings */,
			);
			path = Resources;
			sourceTree = "<group>";
		};
		741B460B21839C7D007FCE12 /* Services */ = {
			isa = PBXGroup;
			children = (
				6A59BDCD2184A9B6007F007B /* VisualSearchEngine.swift */,
				6A59BDCF2184AA48007F007B /* Similarity.swift */,
			);
			path = Services;
			sourceTree = "<group>";
		};
		741B460C21839CDA007FCE12 /* Extension */ = {
			isa = PBXGroup;
			children = (
				741B46192183A324007FCE12 /* Foundation.swift */,
				74FE0115218445D6002FCE5C /* String.swift */,
				741B46182183A324007FCE12 /* UICollectionView.swift */,
				74FE011321844451002FCE5C /* UILabel.swift */,
				741B461A2183A324007FCE12 /* UITableView.swift */,
				74FE011E21844B06002FCE5C /* UIView.swift */,
				6A59BDC7218491EB007F007B /* UIImage.swift */,
				804DD9202184D63400DAE4F4 /* UIButton.swift */,
				6A59BDCB2184A2A9007F007B /* CVPixelBuffer.swift */,
				6A59BDD32184AE80007F007B /* MLMultiArray.swift */,
			);
			path = Extension;
			sourceTree = "<group>";
		};
		741B460D21839CE0007FCE12 /* Protocols */ = {
			isa = PBXGroup;
			children = (
			);
			path = Protocols;
			sourceTree = "<group>";
		};
		741B460E21839CE5007FCE12 /* Reusable */ = {
			isa = PBXGroup;
			children = (
				804DD9362184FA1100DAE4F4 /* StarsRateView */,
				804DD92F2184EC0200DAE4F4 /* PersonView */,
				80C7D83421849D7F00A7F494 /* ProductView */,
				741B46102183A1F1007FCE12 /* DesignableView */,
			);
			path = Reusable;
			sourceTree = "<group>";
		};
		741B460F21839CEA007FCE12 /* Utils */ = {
			isa = PBXGroup;
			children = (
				7402B82C2184956A00C0A543 /* LibertyLoader */,
			);
			path = Utils;
			sourceTree = "<group>";
		};
		741B46102183A1F1007FCE12 /* DesignableView */ = {
			isa = PBXGroup;
			children = (
				741B46162183A229007FCE12 /* DesignableView.swift */,
			);
			path = DesignableView;
			sourceTree = "<group>";
		};
		741B461E2183A9F7007FCE12 /* Constants */ = {
			isa = PBXGroup;
			children = (
				741B461F2183AA0D007FCE12 /* ColorConstants.swift */,
			);
			path = Constants;
			sourceTree = "<group>";
		};
		804DD92F2184EC0200DAE4F4 /* PersonView */ = {
			isa = PBXGroup;
			children = (
				804DD9302184EC3000DAE4F4 /* PersonView.swift */,
				804DD9322184EC3900DAE4F4 /* PersonView.xib */,
				804DD9342184F2C400DAE4F4 /* PersonViewModel.swift */,
			);
			path = PersonView;
			sourceTree = "<group>";
		};
		804DD9362184FA1100DAE4F4 /* StarsRateView */ = {
			isa = PBXGroup;
			children = (
				804DD9372184FA4A00DAE4F4 /* StarsRateView.swift */,
				804DD9392184FA6800DAE4F4 /* StarsRateView.xib */,
			);
			path = StarsRateView;
			sourceTree = "<group>";
		};
		80C7D83221849D1300A7F494 /* CameraViewController */ = {
			isa = PBXGroup;
			children = (
				6A59BDC521848FFD007F007B /* CameraViewController.swift */,
			);
			path = CameraViewController;
			sourceTree = "<group>";
		};
		80C7D83421849D7F00A7F494 /* ProductView */ = {
			isa = PBXGroup;
			children = (
				80C7D83521849DCA00A7F494 /* ProductView.swift */,
				80C7D83721849DF600A7F494 /* ProductView.xib */,
				80C7D8392184B65600A7F494 /* ProductViewModel.swift */,
			);
			path = ProductView;
			sourceTree = "<group>";
		};
		C7446888275A7A13DD7EE967 /* Pods */ = {
			isa = PBXGroup;
			children = (
				B9B32D0B2B072E0D3298D8A9 /* Pods-Liberty.debug.xcconfig */,
				AFEFC6D49975D64E7ED01667 /* Pods-Liberty.release.xcconfig */,
			);
			name = Pods;
			sourceTree = "<group>";
		};
/* End PBXGroup section */

/* Begin PBXNativeTarget section */
		741B45F021838B9D007FCE12 /* Liberty */ = {
			isa = PBXNativeTarget;
			buildConfigurationList = 741B460321838BA0007FCE12 /* Build configuration list for PBXNativeTarget "Liberty" */;
			buildPhases = (
				2D85D8F6072D8652029D843C /* [CP] Check Pods Manifest.lock */,
				741B45ED21838B9D007FCE12 /* Sources */,
				741B45EE21838B9D007FCE12 /* Frameworks */,
				741B45EF21838B9D007FCE12 /* Resources */,
				897A63F921A346FBF9FCD615 /* [CP] Embed Pods Frameworks */,
				7402B8482184BC6100C0A543 /* ShellScript */,
			);
			buildRules = (
			);
			dependencies = (
			);
			name = Liberty;
			productName = Liberty;
			productReference = 741B45F121838B9D007FCE12 /* Liberty.app */;
			productType = "com.apple.product-type.application";
		};
/* End PBXNativeTarget section */

/* Begin PBXProject section */
		741B45E921838B9D007FCE12 /* Project object */ = {
			isa = PBXProject;
			attributes = {
				LastSwiftUpdateCheck = 1000;
				LastUpgradeCheck = 1000;
				ORGANIZATIONNAME = Olferuk;
				TargetAttributes = {
					741B45F021838B9D007FCE12 = {
						CreatedOnToolsVersion = 10.0;
					};
				};
			};
			buildConfigurationList = 741B45EC21838B9D007FCE12 /* Build configuration list for PBXProject "Liberty" */;
			compatibilityVersion = "Xcode 9.3";
			developmentRegion = ru;
			hasScannedForEncodings = 0;
			knownRegions = (
				en,
				Base,
				ru,
			);
			mainGroup = 741B45E821838B9D007FCE12;
			productRefGroup = 741B45F221838B9D007FCE12 /* Products */;
			projectDirPath = "";
			projectRoot = "";
			targets = (
				741B45F021838B9D007FCE12 /* Liberty */,
			);
		};
/* End PBXProject section */

/* Begin PBXResourcesBuildPhase section */
		741B45EF21838B9D007FCE12 /* Resources */ = {
			isa = PBXResourcesBuildPhase;
			buildActionMask = 2147483647;
			files = (
				7402B83E2184AAFF00C0A543 /* DetailsViewController.xib in Resources */,
				804DD9332184EC3900DAE4F4 /* PersonView.xib in Resources */,
				7402B84F2184C10400C0A543 /* StoreCollectionViewCell.xib in Resources */,
				741B45FF21838BA0007FCE12 /* LaunchScreen.storyboard in Resources */,
				741B45FC21838BA0007FCE12 /* Assets.xcassets in Resources */,
				7402B830218495B300C0A543 /* LibertyLoader.xib in Resources */,
				804DD93A2184FA6800DAE4F4 /* StarsRateView.xib in Resources */,
				74FE011121842F59002FCE5C /* Localizable.strings in Resources */,
				80C7D83821849DF600A7F494 /* ProductView.xib in Resources */,
				741B45FA21838B9D007FCE12 /* Main.storyboard in Resources */,
				7402B8472184B4F700C0A543 /* SoldInStoresCell.xib in Resources */,
				7402B8392184A93F00C0A543 /* FakeViewController.xib in Resources */,
			);
			runOnlyForDeploymentPostprocessing = 0;
		};
/* End PBXResourcesBuildPhase section */

/* Begin PBXShellScriptBuildPhase section */
		2D85D8F6072D8652029D843C /* [CP] Check Pods Manifest.lock */ = {
			isa = PBXShellScriptBuildPhase;
			buildActionMask = 2147483647;
			files = (
			);
			inputPaths = (
				"${PODS_PODFILE_DIR_PATH}/Podfile.lock",
				"${PODS_ROOT}/Manifest.lock",
			);
			name = "[CP] Check Pods Manifest.lock";
			outputPaths = (
				"$(DERIVED_FILE_DIR)/Pods-Liberty-checkManifestLockResult.txt",
			);
			runOnlyForDeploymentPostprocessing = 0;
			shellPath = /bin/sh;
			shellScript = "diff \"${PODS_PODFILE_DIR_PATH}/Podfile.lock\" \"${PODS_ROOT}/Manifest.lock\" > /dev/null\nif [ $? != 0 ] ; then\n    # print error to STDERR\n    echo \"error: The sandbox is not in sync with the Podfile.lock. Run 'pod install' or update your CocoaPods installation.\" >&2\n    exit 1\nfi\n# This output is used by Xcode 'outputs' to avoid re-running this script phase.\necho \"SUCCESS\" > \"${SCRIPT_OUTPUT_FILE_0}\"\n";
			showEnvVarsInLog = 0;
		};
		7402B8482184BC6100C0A543 /* ShellScript */ = {
			isa = PBXShellScriptBuildPhase;
			buildActionMask = 2147483647;
			files = (
			);
			inputFileListPaths = (
			);
			inputPaths = (
			);
			outputFileListPaths = (
			);
			outputPaths = (
			);
			runOnlyForDeploymentPostprocessing = 0;
			shellPath = /bin/sh;
			shellScript = "\"${PODS_ROOT}/SwiftLint/swiftlint\"\n";
		};
		897A63F921A346FBF9FCD615 /* [CP] Embed Pods Frameworks */ = {
			isa = PBXShellScriptBuildPhase;
			buildActionMask = 2147483647;
			files = (
			);
			inputPaths = (
				"${SRCROOT}/Pods/Target Support Files/Pods-Liberty/Pods-Liberty-frameworks.sh",
				"${BUILT_PRODUCTS_DIR}/Alamofire/Alamofire.framework",
				"${BUILT_PRODUCTS_DIR}/AlamofireImage/AlamofireImage.framework",
				"${BUILT_PRODUCTS_DIR}/AlamofireNetworkActivityIndicator/AlamofireNetworkActivityIndicator.framework",
				"${BUILT_PRODUCTS_DIR}/Cosmos/Cosmos.framework",
				"${BUILT_PRODUCTS_DIR}/Just/Just.framework",
				"${BUILT_PRODUCTS_DIR}/NVActivityIndicatorView/NVActivityIndicatorView.framework",
				"${BUILT_PRODUCTS_DIR}/ObjectMapper/ObjectMapper.framework",
				"${BUILT_PRODUCTS_DIR}/SwiftyUserDefaults/SwiftyUserDefaults.framework",
			);
			name = "[CP] Embed Pods Frameworks";
			outputPaths = (
				"${TARGET_BUILD_DIR}/${FRAMEWORKS_FOLDER_PATH}/Alamofire.framework",
				"${TARGET_BUILD_DIR}/${FRAMEWORKS_FOLDER_PATH}/AlamofireImage.framework",
				"${TARGET_BUILD_DIR}/${FRAMEWORKS_FOLDER_PATH}/AlamofireNetworkActivityIndicator.framework",
				"${TARGET_BUILD_DIR}/${FRAMEWORKS_FOLDER_PATH}/Cosmos.framework",
				"${TARGET_BUILD_DIR}/${FRAMEWORKS_FOLDER_PATH}/Just.framework",
				"${TARGET_BUILD_DIR}/${FRAMEWORKS_FOLDER_PATH}/NVActivityIndicatorView.framework",
				"${TARGET_BUILD_DIR}/${FRAMEWORKS_FOLDER_PATH}/ObjectMapper.framework",
				"${TARGET_BUILD_DIR}/${FRAMEWORKS_FOLDER_PATH}/SwiftyUserDefaults.framework",
			);
			runOnlyForDeploymentPostprocessing = 0;
			shellPath = /bin/sh;
			shellScript = "\"${SRCROOT}/Pods/Target Support Files/Pods-Liberty/Pods-Liberty-frameworks.sh\"\n";
			showEnvVarsInLog = 0;
		};
/* End PBXShellScriptBuildPhase section */

/* Begin PBXSourcesBuildPhase section */
		741B45ED21838B9D007FCE12 /* Sources */ = {
			isa = PBXSourcesBuildPhase;
			buildActionMask = 2147483647;
			files = (
				74FE011F21844B06002FCE5C /* UIView.swift in Sources */,
				6A59BDC8218491EB007F007B /* UIImage.swift in Sources */,
				7402B8552184DD0500C0A543 /* SocialViewModel.swift in Sources */,
				7402B84B2184BDF500C0A543 /* SoldInStoresCellAdapter.swift in Sources */,
				6A59BDD02184AA48007F007B /* Similarity.swift in Sources */,
				6A59BDC621848FFD007F007B /* CameraViewController.swift in Sources */,
				741B461C2183A324007FCE12 /* Foundation.swift in Sources */,
				80C7D83621849DCA00A7F494 /* ProductView.swift in Sources */,
				80C7D83A2184B65600A7F494 /* ProductViewModel.swift in Sources */,
				6A59BDD22184AB69007F007B /* Product.swift in Sources */,
				7402B84E2184C10400C0A543 /* StoreCollectionViewCell.swift in Sources */,
				6A59BDCA218498A7007F007B /* LibertyModel.mlmodel in Sources */,
				804DD9312184EC3000DAE4F4 /* PersonView.swift in Sources */,
				7402B82E2184958500C0A543 /* LibertyLoader.swift in Sources */,
				7402B8412184AF1200C0A543 /* DetailsAdapter.swift in Sources */,
				804DD9352184F2C400DAE4F4 /* PersonViewModel.swift in Sources */,
				74FE0116218445D6002FCE5C /* String.swift in Sources */,
				7402B8572184E37800C0A543 /* DetailsTableCellType.swift in Sources */,
				741B461B2183A324007FCE12 /* UICollectionView.swift in Sources */,
				6A59BDCE2184A9B6007F007B /* VisualSearchEngine.swift in Sources */,
				6A59BDD62184AF82007F007B /* SampleData.swift in Sources */,
				6A59BDCC2184A2A9007F007B /* CVPixelBuffer.swift in Sources */,
				7402B8532184D81200C0A543 /* StoreViewModel.swift in Sources */,
				741B46202183AA0D007FCE12 /* ColorConstants.swift in Sources */,
				804DD9382184FA4A00DAE4F4 /* StarsRateView.swift in Sources */,
				741B46172183A22A007FCE12 /* DesignableView.swift in Sources */,
				6A59BDD42184AE80007F007B /* MLMultiArray.swift in Sources */,
				7402B83D2184AAFF00C0A543 /* DetailsViewController.swift in Sources */,
				741B45F521838B9D007FCE12 /* AppDelegate.swift in Sources */,
				804DD9212184D63400DAE4F4 /* UIButton.swift in Sources */,
				7402B8462184B4F700C0A543 /* SoldInStoresCell.swift in Sources */,
				7402B8382184A93F00C0A543 /* FakeViewController.swift in Sources */,
				741B461D2183A324007FCE12 /* UITableView.swift in Sources */,
				74FE011421844451002FCE5C /* UILabel.swift in Sources */,
			);
			runOnlyForDeploymentPostprocessing = 0;
		};
/* End PBXSourcesBuildPhase section */

/* Begin PBXVariantGroup section */
		741B45F821838B9D007FCE12 /* Main.storyboard */ = {
			isa = PBXVariantGroup;
			children = (
				741B45F921838B9D007FCE12 /* Base */,
				741BD8F72183D21500A7B6DE /* ru */,
			);
			name = Main.storyboard;
			sourceTree = "<group>";
		};
		741B45FD21838BA0007FCE12 /* LaunchScreen.storyboard */ = {
			isa = PBXVariantGroup;
			children = (
				741B45FE21838BA0007FCE12 /* Base */,
				741BD8F62183D21500A7B6DE /* ru */,
			);
			name = LaunchScreen.storyboard;
			sourceTree = "<group>";
		};
		74FE010F21842F59002FCE5C /* Localizable.strings */ = {
			isa = PBXVariantGroup;
			children = (
				74FE011021842F59002FCE5C /* Base */,
				74FE011221842F64002FCE5C /* en */,
			);
			name = Localizable.strings;
			sourceTree = "<group>";
		};
/* End PBXVariantGroup section */

/* Begin XCBuildConfiguration section */
		741B460121838BA0007FCE12 /* Debug */ = {
			isa = XCBuildConfiguration;
			buildSettings = {
				ALWAYS_SEARCH_USER_PATHS = NO;
				CLANG_ANALYZER_LOCALIZABILITY_NONLOCALIZED = YES;
				CLANG_ANALYZER_NONNULL = YES;
				CLANG_ANALYZER_NUMBER_OBJECT_CONVERSION = YES_AGGRESSIVE;
				CLANG_CXX_LANGUAGE_STANDARD = "gnu++14";
				CLANG_CXX_LIBRARY = "libc++";
				CLANG_ENABLE_MODULES = YES;
				CLANG_ENABLE_OBJC_ARC = YES;
				CLANG_ENABLE_OBJC_WEAK = YES;
				CLANG_WARN_BLOCK_CAPTURE_AUTORELEASING = YES;
				CLANG_WARN_BOOL_CONVERSION = YES;
				CLANG_WARN_COMMA = YES;
				CLANG_WARN_CONSTANT_CONVERSION = YES;
				CLANG_WARN_DEPRECATED_OBJC_IMPLEMENTATIONS = YES;
				CLANG_WARN_DIRECT_OBJC_ISA_USAGE = YES_ERROR;
				CLANG_WARN_DOCUMENTATION_COMMENTS = YES;
				CLANG_WARN_EMPTY_BODY = YES;
				CLANG_WARN_ENUM_CONVERSION = YES;
				CLANG_WARN_INFINITE_RECURSION = YES;
				CLANG_WARN_INT_CONVERSION = YES;
				CLANG_WARN_NON_LITERAL_NULL_CONVERSION = YES;
				CLANG_WARN_OBJC_IMPLICIT_RETAIN_SELF = YES;
				CLANG_WARN_OBJC_LITERAL_CONVERSION = YES;
				CLANG_WARN_OBJC_ROOT_CLASS = YES_ERROR;
				CLANG_WARN_RANGE_LOOP_ANALYSIS = YES;
				CLANG_WARN_STRICT_PROTOTYPES = YES;
				CLANG_WARN_SUSPICIOUS_MOVE = YES;
				CLANG_WARN_UNGUARDED_AVAILABILITY = YES_AGGRESSIVE;
				CLANG_WARN_UNREACHABLE_CODE = YES;
				CLANG_WARN__DUPLICATE_METHOD_MATCH = YES;
				CODE_SIGN_IDENTITY = "iPhone Developer";
				COPY_PHASE_STRIP = NO;
				DEBUG_INFORMATION_FORMAT = dwarf;
				ENABLE_STRICT_OBJC_MSGSEND = YES;
				ENABLE_TESTABILITY = YES;
				GCC_C_LANGUAGE_STANDARD = gnu11;
				GCC_DYNAMIC_NO_PIC = NO;
				GCC_NO_COMMON_BLOCKS = YES;
				GCC_OPTIMIZATION_LEVEL = 0;
				GCC_PREPROCESSOR_DEFINITIONS = (
					"DEBUG=1",
					"$(inherited)",
				);
				GCC_WARN_64_TO_32_BIT_CONVERSION = YES;
				GCC_WARN_ABOUT_RETURN_TYPE = YES_ERROR;
				GCC_WARN_UNDECLARED_SELECTOR = YES;
				GCC_WARN_UNINITIALIZED_AUTOS = YES_AGGRESSIVE;
				GCC_WARN_UNUSED_FUNCTION = YES;
				GCC_WARN_UNUSED_VARIABLE = YES;
				IPHONEOS_DEPLOYMENT_TARGET = 12.0;
				MTL_ENABLE_DEBUG_INFO = INCLUDE_SOURCE;
				MTL_FAST_MATH = YES;
				ONLY_ACTIVE_ARCH = YES;
				SDKROOT = iphoneos;
				SWIFT_ACTIVE_COMPILATION_CONDITIONS = DEBUG;
				SWIFT_OPTIMIZATION_LEVEL = "-Onone";
			};
			name = Debug;
		};
		741B460221838BA0007FCE12 /* Release */ = {
			isa = XCBuildConfiguration;
			buildSettings = {
				ALWAYS_SEARCH_USER_PATHS = NO;
				CLANG_ANALYZER_LOCALIZABILITY_NONLOCALIZED = YES;
				CLANG_ANALYZER_NONNULL = YES;
				CLANG_ANALYZER_NUMBER_OBJECT_CONVERSION = YES_AGGRESSIVE;
				CLANG_CXX_LANGUAGE_STANDARD = "gnu++14";
				CLANG_CXX_LIBRARY = "libc++";
				CLANG_ENABLE_MODULES = YES;
				CLANG_ENABLE_OBJC_ARC = YES;
				CLANG_ENABLE_OBJC_WEAK = YES;
				CLANG_WARN_BLOCK_CAPTURE_AUTORELEASING = YES;
				CLANG_WARN_BOOL_CONVERSION = YES;
				CLANG_WARN_COMMA = YES;
				CLANG_WARN_CONSTANT_CONVERSION = YES;
				CLANG_WARN_DEPRECATED_OBJC_IMPLEMENTATIONS = YES;
				CLANG_WARN_DIRECT_OBJC_ISA_USAGE = YES_ERROR;
				CLANG_WARN_DOCUMENTATION_COMMENTS = YES;
				CLANG_WARN_EMPTY_BODY = YES;
				CLANG_WARN_ENUM_CONVERSION = YES;
				CLANG_WARN_INFINITE_RECURSION = YES;
				CLANG_WARN_INT_CONVERSION = YES;
				CLANG_WARN_NON_LITERAL_NULL_CONVERSION = YES;
				CLANG_WARN_OBJC_IMPLICIT_RETAIN_SELF = YES;
				CLANG_WARN_OBJC_LITERAL_CONVERSION = YES;
				CLANG_WARN_OBJC_ROOT_CLASS = YES_ERROR;
				CLANG_WARN_RANGE_LOOP_ANALYSIS = YES;
				CLANG_WARN_STRICT_PROTOTYPES = YES;
				CLANG_WARN_SUSPICIOUS_MOVE = YES;
				CLANG_WARN_UNGUARDED_AVAILABILITY = YES_AGGRESSIVE;
				CLANG_WARN_UNREACHABLE_CODE = YES;
				CLANG_WARN__DUPLICATE_METHOD_MATCH = YES;
				CODE_SIGN_IDENTITY = "iPhone Developer";
				COPY_PHASE_STRIP = NO;
				DEBUG_INFORMATION_FORMAT = "dwarf-with-dsym";
				ENABLE_NS_ASSERTIONS = NO;
				ENABLE_STRICT_OBJC_MSGSEND = YES;
				GCC_C_LANGUAGE_STANDARD = gnu11;
				GCC_NO_COMMON_BLOCKS = YES;
				GCC_WARN_64_TO_32_BIT_CONVERSION = YES;
				GCC_WARN_ABOUT_RETURN_TYPE = YES_ERROR;
				GCC_WARN_UNDECLARED_SELECTOR = YES;
				GCC_WARN_UNINITIALIZED_AUTOS = YES_AGGRESSIVE;
				GCC_WARN_UNUSED_FUNCTION = YES;
				GCC_WARN_UNUSED_VARIABLE = YES;
				IPHONEOS_DEPLOYMENT_TARGET = 12.0;
				MTL_ENABLE_DEBUG_INFO = NO;
				MTL_FAST_MATH = YES;
				SDKROOT = iphoneos;
				SWIFT_COMPILATION_MODE = wholemodule;
				SWIFT_OPTIMIZATION_LEVEL = "-O";
				VALIDATE_PRODUCT = YES;
			};
			name = Release;
		};
		741B460421838BA0007FCE12 /* Debug */ = {
			isa = XCBuildConfiguration;
			baseConfigurationReference = B9B32D0B2B072E0D3298D8A9 /* Pods-Liberty.debug.xcconfig */;
			buildSettings = {
				ASSETCATALOG_COMPILER_APPICON_NAME = AppIcon;
				CODE_SIGN_STYLE = Automatic;
				DEVELOPMENT_TEAM = N6Y38HHR5T;
				INFOPLIST_FILE = Liberty/Info.plist;
				IPHONEOS_DEPLOYMENT_TARGET = 11.0;
				LD_RUNPATH_SEARCH_PATHS = (
					"$(inherited)",
					"@executable_path/Frameworks",
				);
				PRODUCT_BUNDLE_IDENTIFIER = me.olferuk.Liberty;
				PRODUCT_NAME = "$(TARGET_NAME)";
				SWIFT_VERSION = 4.2;
				TARGETED_DEVICE_FAMILY = 1;
			};
			name = Debug;
		};
		741B460521838BA0007FCE12 /* Release */ = {
			isa = XCBuildConfiguration;
			baseConfigurationReference = AFEFC6D49975D64E7ED01667 /* Pods-Liberty.release.xcconfig */;
			buildSettings = {
				ASSETCATALOG_COMPILER_APPICON_NAME = AppIcon;
				CODE_SIGN_STYLE = Automatic;
				DEVELOPMENT_TEAM = N6Y38HHR5T;
				INFOPLIST_FILE = Liberty/Info.plist;
				IPHONEOS_DEPLOYMENT_TARGET = 11.0;
				LD_RUNPATH_SEARCH_PATHS = (
					"$(inherited)",
					"@executable_path/Frameworks",
				);
				PRODUCT_BUNDLE_IDENTIFIER = me.olferuk.Liberty;
				PRODUCT_NAME = "$(TARGET_NAME)";
				SWIFT_VERSION = 4.2;
				TARGETED_DEVICE_FAMILY = 1;
			};
			name = Release;
		};
/* End XCBuildConfiguration section */

/* Begin XCConfigurationList section */
		741B45EC21838B9D007FCE12 /* Build configuration list for PBXProject "Liberty" */ = {
			isa = XCConfigurationList;
			buildConfigurations = (
				741B460121838BA0007FCE12 /* Debug */,
				741B460221838BA0007FCE12 /* Release */,
			);
			defaultConfigurationIsVisible = 0;
			defaultConfigurationName = Release;
		};
		741B460321838BA0007FCE12 /* Build configuration list for PBXNativeTarget "Liberty" */ = {
			isa = XCConfigurationList;
			buildConfigurations = (
				741B460421838BA0007FCE12 /* Debug */,
				741B460521838BA0007FCE12 /* Release */,
			);
			defaultConfigurationIsVisible = 0;
			defaultConfigurationName = Release;
		};
/* End XCConfigurationList section */
	};
	rootObject = 741B45E921838B9D007FCE12 /* Project object */;
}
